# @generated - this file is auto-generated by `mise lock` https://mise.jdx.dev/dev-tools/mise-lock.html

lockfile_version = 2

[[tools."npm:@masculinecache/bws-axi"]]
version = "1.0.3"
aube = { path = ".mise/locks/npm-masculinecache-bws-axi/1.0.3", digest = "sha256:ac384a12af2c8f760d8dcc4a7d5eecb2823affaf5d4127ea1036b55c6e16696e" }
backend = "npm:@masculinecache/bws-axi"
specifiers = ["latest"]

[[tools."npm:@masculinecache/chezmoi-axi"]]
version = "0.1.1"
aube = { path = ".mise/locks/npm-masculinecache-chezmoi-axi/0.1.1", digest = "sha256:6cdeea51d1f0542e7d8da572ee00d4285f115a167e85777cf400918c82f3a08f" }
backend = "npm:@masculinecache/chezmoi-axi"
specifiers = ["latest"]

[[tools."npm:@masculinecache/mem-axi"]]
version = "0.1.2"
aube = { path = ".mise/locks/npm-masculinecache-mem-axi/0.1.2", digest = "sha256:8283af251dd9284ac1b7ceaffc55b5201ac657e3405bd500ac9cb9ea7c44befe" }
backend = "npm:@masculinecache/mem-axi"
specifiers = ["latest"]
